
Microsoft Visual Studio Solution File, Format Version 12.00
# Visual Studio Version 17
VisualStudioVersion = 17.1.32414.318
MinimumVisualStudioVersion = 10.0.40219.1
Project("{FAE04EC0-301F-11D3-BF4B-00C04F79EFBC}") = "TelegramBotWebhook", "TelegramBotWebhook\TelegramBotWebhook.csproj", "{0441F27B-82C8-47DA-9BC6-EF09B9C62886}"
EndProject
Global
	GlobalSection(SolutionConfigurationPlatforms) = preSolution
		Debug|Any CPU = Debug|Any CPU
		Release|Any CPU = Release|Any CPU
	EndGlobalSection
	GlobalSection(ProjectConfigurationPlatforms) = postSolution
		{0441F27B-82C8-47DA-9BC6-EF09B9C62886}.Debug|Any CPU.ActiveCfg = Debug|Any CPU
		{0441F27B-82C8-47DA-9BC6-EF09B9C62886}.Debug|Any CPU.Build.0 = Debug|Any CPU
		{0441F27B-82C8-47DA-9BC6-EF09B9C62886}.Release|Any CPU.ActiveCfg = Release|Any CPU
		{0441F27B-82C8-47DA-9BC6-EF09B9C62886}.Release|Any CPU.Build.0 = Release|Any CPU
	EndGlobalSection
	GlobalSection(SolutionProperties) = preSolution
		HideSolutionNode = FALSE
	EndGlobalSection
	GlobalSection(ExtensibilityGlobals) = postSolution
		SolutionGuid = {422A4D03-3D91-4CEA-8564-2B4CBB7F2401}
	EndGlobalSection
EndGlobal
